
Microsoft Visual Studio Solution File, Format Version 12.00
# Visual Studio Version 16
VisualStudioVersion = 16.0.809.8
MinimumVisualStudioVersion = 10.0.40219.1
Project("{FAE04EC0-301F-11D3-BF4B-00C04F79EFBC}") = "Axemasta.PrismMac", "Axemasta.PrismMac\Axemasta.PrismMac.csproj", "{7A6F1D56-E5E3-4B1D-93E3-3154A7E4D36E}"
EndProject
Global
	GlobalSection(SolutionConfigurationPlatforms) = preSolution
		Debug|Any CPU = Debug|Any CPU
		Release|Any CPU = Release|Any CPU
	EndGlobalSection
	GlobalSection(ProjectConfigurationPlatforms) = postSolution
		{7A6F1D56-E5E3-4B1D-93E3-3154A7E4D36E}.Debug|Any CPU.ActiveCfg = Debug|Any CPU
		{7A6F1D56-E5E3-4B1D-93E3-3154A7E4D36E}.Debug|Any CPU.Build.0 = Debug|Any CPU
		{7A6F1D56-E5E3-4B1D-93E3-3154A7E4D36E}.Release|Any CPU.ActiveCfg = Release|Any CPU
		{7A6F1D56-E5E3-4B1D-93E3-3154A7E4D36E}.Release|Any CPU.Build.0 = Release|Any CPU
	EndGlobalSection
	GlobalSection(SolutionProperties) = preSolution
		HideSolutionNode = FALSE
	EndGlobalSection
	GlobalSection(ExtensibilityGlobals) = postSolution
		SolutionGuid = {C8CAEAA5-E0EF-4C66-AE6E-D082AD99909B}
	EndGlobalSection
EndGlobal
